
Microsoft Visual Studio Solution File, Format Version 12.00
# Visual Studio Version 17
VisualStudioVersion = 17.4.33122.133
MinimumVisualStudioVersion = 10.0.40219.1
Project("{9A19103F-16F7-4668-BE54-9A1E7A4F7556}") = "Purchase-api", "Purchase-api\Purchase-api.csproj", "{A22E97B5-9959-461F-BED9-CD2D4FEC0EBA}"
EndProject
Project("{FAE04EC0-301F-11D3-BF4B-00C04F79EFBC}") = "Tests", "Tests\Tests.csproj", "{79A0E834-4C6A-46C4-B479-18B5108D9304}"
EndProject
Global
	GlobalSection(SolutionConfigurationPlatforms) = preSolution
		Debug|Any CPU = Debug|Any CPU
		Release|Any CPU = Release|Any CPU
	EndGlobalSection
	GlobalSection(ProjectConfigurationPlatforms) = postSolution
		{A22E97B5-9959-461F-BED9-CD2D4FEC0EBA}.Debug|Any CPU.ActiveCfg = Debug|Any CPU
		{A22E97B5-9959-461F-BED9-CD2D4FEC0EBA}.Debug|Any CPU.Build.0 = Debug|Any CPU
		{A22E97B5-9959-461F-BED9-CD2D4FEC0EBA}.Release|Any CPU.ActiveCfg = Release|Any CPU
		{A22E97B5-9959-461F-BED9-CD2D4FEC0EBA}.Release|Any CPU.Build.0 = Release|Any CPU
		{79A0E834-4C6A-46C4-B479-18B5108D9304}.Debug|Any CPU.ActiveCfg = Debug|Any CPU
		{79A0E834-4C6A-46C4-B479-18B5108D9304}.Debug|Any CPU.Build.0 = Debug|Any CPU
		{79A0E834-4C6A-46C4-B479-18B5108D9304}.Release|Any CPU.ActiveCfg = Release|Any CPU
		{79A0E834-4C6A-46C4-B479-18B5108D9304}.Release|Any CPU.Build.0 = Release|Any CPU
	EndGlobalSection
	GlobalSection(SolutionProperties) = preSolution
		HideSolutionNode = FALSE
	EndGlobalSection
	GlobalSection(ExtensibilityGlobals) = postSolution
		SolutionGuid = {8F4118EB-026A-4E4B-8E59-0C3F8B88501A}
	EndGlobalSection
EndGlobal
